# Auto-generated by dotagents. Do not edit.
version = 1

[skills.agents-md]
source = "getsentry/skills"
resolved_url = "https://github.com/getsentry/skills.git"
resolved_path = ".agents/skills/agents-md"
commit = "360070a6ed7a7530ff1df26adb285807f4483ffa"
integrity = "sha256-49SkkMNRjdMAsg9ydro6WhzeGNB2SEZb2h2SnivBnBY="

[skills.brand-guidelines]
source = "getsentry/skills"
resolved_url = "https://github.com/getsentry/skills.git"
resolved_path = ".agents/skills/brand-guidelines"
commit = "5bf1b9870096afd55e62069514c7e77d4e62b5f0"
integrity = "sha256-OI4bxji4am79cV/3TNDVUfsnt6L2HBysG7epE4HFkVI="

[skills.commit]
source = "getsentry/skills"
resolved_url = "https://github.com/getsentry/skills.git"
resolved_path = ".agents/skills/commit"
commit = "360070a6ed7a7530ff1df26adb285807f4483ffa"
integrity = "sha256-n94TylZeSfJnNjyKtuPpbE5X1RtFg9xSVMsT7F6e/Tw="

[skills.create-branch]
source = "getsentry/skills"
resolved_url = "https://github.com/getsentry/skills.git"
resolved_path = ".agents/skills/create-branch"
commit = "360070a6ed7a7530ff1df26adb285807f4483ffa"
integrity = "sha256-GWNsfRiTyL7D5Rn4un/32Zqa5e2XQnTiIuviZwXaqrc="

[skills.iterate-pr]
source = "getsentry/skills"
resolved_url = "https://github.com/getsentry/skills.git"
resolved_path = ".agents/skills/iterate-pr"
commit = "360070a6ed7a7530ff1df26adb285807f4483ffa"
integrity = "sha256-VBPI6Q92j2NUiNzfBcgDQpzhRCUcFT6UFuO/uP+D37o="

[skills.pr-writer]
source = "getsentry/skills"
resolved_url = "https://github.com/getsentry/skills.git"
resolved_path = ".agents/skills/pr-writer"
commit = "360070a6ed7a7530ff1df26adb285807f4483ffa"
integrity = "sha256-l+dO4vlI1vCaVeuOZRbxM0ZaZAyYW52R9+xMGlXFkds="

[skills.skill-writer]
source = "getsentry/skills"
resolved_url = "https://github.com/getsentry/skills.git"
resolved_path = ".agents/skills/skill-writer"
commit = "360070a6ed7a7530ff1df26adb285807f4483ffa"
integrity = "sha256-1S6kAVkKNlS6T6kf1Dfl4PQCwLYW6gd/aq5F1i3txOQ="
