# Auto-generated by dotagents. Do not edit.
version = 1

[skills.brand-guidelines]
source = "getsentry/skills"
resolved_url = "https://github.com/getsentry/skills.git"
resolved_path = ".agents/skills/brand-guidelines"
commit = "5bf1b9870096afd55e62069514c7e77d4e62b5f0"
integrity = "sha256-OI4bxji4am79cV/3TNDVUfsnt6L2HBysG7epE4HFkVI="

